
Microsoft Visual Studio Solution File, Format Version 12.00
# Visual Studio 15
VisualStudioVersion = 15.0.28010.2016
MinimumVisualStudioVersion = 10.0.40219.1
Project("{FAE04EC0-301F-11D3-BF4B-00C04F79EFBC}") = "Exercise.15", "Exercise.15\Exercise.15.csproj", "{B2F10876-BB34-4E8C-B595-E779713326CC}"
EndProject
Global
	GlobalSection(SolutionConfigurationPlatforms) = preSolution
		Debug|Any CPU = Debug|Any CPU
		Release|Any CPU = Release|Any CPU
	EndGlobalSection
	GlobalSection(ProjectConfigurationPlatforms) = postSolution
		{B2F10876-BB34-4E8C-B595-E779713326CC}.Debug|Any CPU.ActiveCfg = Debug|Any CPU
		{B2F10876-BB34-4E8C-B595-E779713326CC}.Debug|Any CPU.Build.0 = Debug|Any CPU
		{B2F10876-BB34-4E8C-B595-E779713326CC}.Release|Any CPU.ActiveCfg = Release|Any CPU
		{B2F10876-BB34-4E8C-B595-E779713326CC}.Release|Any CPU.Build.0 = Release|Any CPU
	EndGlobalSection
	GlobalSection(SolutionProperties) = preSolution
		HideSolutionNode = FALSE
	EndGlobalSection
	GlobalSection(ExtensibilityGlobals) = postSolution
		SolutionGuid = {4C56C312-845F-467F-8AE0-FD42869D2782}
	EndGlobalSection
EndGlobal
